PODS:
  - ZWAlertController (0.0.6)

DEPENDENCIES:
  - ZWAlertController (from `../`)

EXTERNAL SOURCES:
  ZWAlertController:
    :path: ../

SPEC CHECKSUMS:
  ZWAlertController: 98aaf2056bc7ba54de9aeb03320f6d74e44523a3

PODFILE CHECKSUM: f5b1ff9968cfd66fade08272c3b6844c6c8bfe96

COCOAPODS: 1.2.0.beta.3
