PODS:
  - ZWAlertController (0.0.3.1)

DEPENDENCIES:
  - ZWAlertController (from `../`)

EXTERNAL SOURCES:
  ZWAlertController:
    :path: "../"

SPEC CHECKSUMS:
  ZWAlertController: f9ce75dc0a6c0103b2c6970cb84e4f7288573774

PODFILE CHECKSUM: f5b1ff9968cfd66fade08272c3b6844c6c8bfe96

COCOAPODS: 1.2.0.beta.3
