PODS:
  - ZWAlertController (0.0.2)

DEPENDENCIES:
  - ZWAlertController (from `../`)

EXTERNAL SOURCES:
  ZWAlertController:
    :path: "../"

SPEC CHECKSUMS:
  ZWAlertController: d56d56ff41536b6ae06c0fa57b5a6d3f8d7c8629

PODFILE CHECKSUM: f5b1ff9968cfd66fade08272c3b6844c6c8bfe96

COCOAPODS: 1.2.0.beta.3
